
Microsoft Visual Studio Solution File, Format Version 12.00
# Visual Studio Version 17
VisualStudioVersion = 17.7.34009.444
MinimumVisualStudioVersion = 10.0.40219.1
Project("{9A19103F-16F7-4668-BE54-9A1E7A4F7556}") = "TestLEAE", "TestLEAE\TestLEAE.csproj", "{C73F4963-2BDE-473E-879A-29A8D00EDA2D}"
EndProject
Project("{9A19103F-16F7-4668-BE54-9A1E7A4F7556}") = "TestLEAE.DataLayer", "TestLEAE.DataLayer\TestLEAE.DataLayer.csproj", "{9C84D013-17B2-41D5-8381-63477EA3A4B5}"
EndProject
Project("{9A19103F-16F7-4668-BE54-9A1E7A4F7556}") = "TestLEAE.BusinessLayer", "TestLEAE.BusinessLayer\TestLEAE.BusinessLayer.csproj", "{603E01EE-87CA-4BC5-BBA0-9042E00B123E}"
EndProject
Global
	GlobalSection(SolutionConfigurationPlatforms) = preSolution
		Debug|Any CPU = Debug|Any CPU
		Release|Any CPU = Release|Any CPU
	EndGlobalSection
	GlobalSection(ProjectConfigurationPlatforms) = postSolution
		{C73F4963-2BDE-473E-879A-29A8D00EDA2D}.Debug|Any CPU.ActiveCfg = Debug|Any CPU
		{C73F4963-2BDE-473E-879A-29A8D00EDA2D}.Debug|Any CPU.Build.0 = Debug|Any CPU
		{C73F4963-2BDE-473E-879A-29A8D00EDA2D}.Release|Any CPU.ActiveCfg = Release|Any CPU
		{C73F4963-2BDE-473E-879A-29A8D00EDA2D}.Release|Any CPU.Build.0 = Release|Any CPU
		{9C84D013-17B2-41D5-8381-63477EA3A4B5}.Debug|Any CPU.ActiveCfg = Debug|Any CPU
		{9C84D013-17B2-41D5-8381-63477EA3A4B5}.Debug|Any CPU.Build.0 = Debug|Any CPU
		{9C84D013-17B2-41D5-8381-63477EA3A4B5}.Release|Any CPU.ActiveCfg = Release|Any CPU
		{9C84D013-17B2-41D5-8381-63477EA3A4B5}.Release|Any CPU.Build.0 = Release|Any CPU
		{603E01EE-87CA-4BC5-BBA0-9042E00B123E}.Debug|Any CPU.ActiveCfg = Debug|Any CPU
		{603E01EE-87CA-4BC5-BBA0-9042E00B123E}.Debug|Any CPU.Build.0 = Debug|Any CPU
		{603E01EE-87CA-4BC5-BBA0-9042E00B123E}.Release|Any CPU.ActiveCfg = Release|Any CPU
		{603E01EE-87CA-4BC5-BBA0-9042E00B123E}.Release|Any CPU.Build.0 = Release|Any CPU
	EndGlobalSection
	GlobalSection(SolutionProperties) = preSolution
		HideSolutionNode = FALSE
	EndGlobalSection
	GlobalSection(ExtensibilityGlobals) = postSolution
		SolutionGuid = {C5F87D64-9CDC-4EE9-9256-1BE15AEF6C98}
	EndGlobalSection
EndGlobal
